
Microsoft Visual Studio Solution File, Format Version 12.00
# Visual Studio Version 17
VisualStudioVersion = 17.14.36518.9 d17.14
MinimumVisualStudioVersion = 10.0.40219.1
Project("{8BC9CEB8-8B4A-11D0-8D11-00A0C91BC942}") = "Dreaded-64", "Dreaded-64.vcxproj", "{B49920DA-87F9-4FB9-8F93-6520C4A96DEC}"
EndProject
Global
	GlobalSection(SolutionConfigurationPlatforms) = preSolution
		Debug|x64 = Debug|x64
		Debug|x86 = Debug|x86
		Release|x64 = Release|x64
		Release|x86 = Release|x86
	EndGlobalSection
	GlobalSection(ProjectConfigurationPlatforms) = postSolution
		{B49920DA-87F9-4FB9-8F93-6520C4A96DEC}.Debug|x64.ActiveCfg = Debug|x64
		{B49920DA-87F9-4FB9-8F93-6520C4A96DEC}.Debug|x64.Build.0 = Debug|x64
		{B49920DA-87F9-4FB9-8F93-6520C4A96DEC}.Debug|x86.ActiveCfg = Debug|Win32
		{B49920DA-87F9-4FB9-8F93-6520C4A96DEC}.Debug|x86.Build.0 = Debug|Win32
		{B49920DA-87F9-4FB9-8F93-6520C4A96DEC}.Release|x64.ActiveCfg = Release|x64
		{B49920DA-87F9-4FB9-8F93-6520C4A96DEC}.Release|x64.Build.0 = Release|x64
		{B49920DA-87F9-4FB9-8F93-6520C4A96DEC}.Release|x86.ActiveCfg = Release|Win32
		{B49920DA-87F9-4FB9-8F93-6520C4A96DEC}.Release|x86.Build.0 = Release|Win32
	EndGlobalSection
	GlobalSection(SolutionProperties) = preSolution
		HideSolutionNode = FALSE
	EndGlobalSection
	GlobalSection(ExtensibilityGlobals) = postSolution
		SolutionGuid = {25185F9A-BF95-4089-A325-A78B59BF63BC}
	EndGlobalSection
EndGlobal
